{
    "_meta": {
        "hash": {
            "sha256": "8d3080588999e3e1e7137e8a91577529ec8c6efb400d1d2b3cb28e1ac29cea5d"
        },
        "pipfile-spec": 6,
        "requires": {
            "python_full_version": "3.10.8",
            "python_version": "3.10"
        },
        "sources": [
            {
                "name": "pypi",
                "url": "https://pypi.org/simple",
                "verify_ssl": true
            }
        ]
    },
    "default": {
        "pypdf2": {
            "hashes": [
                "sha256:a74408f69ba6271f71b9352ef4ed03dc53a31aa404d29b5d31f53bfecfee1440",
                "sha256:d16e4205cfee272fbdc0568b68d82be796540b1537508cef59388f839c191928"
            ],
            "index": "pypi",
            "version": "==3.0.1"
        }
    },
    "develop": {}
}
